
Microsoft Visual Studio Solution File, Format Version 12.00
Project("{FAE04EC0-301F-11D3-BF4B-00C04F79EFBC}") = "AvaloniaApplication6", "AvaloniaApplication6\AvaloniaApplication6.csproj", "{CD219CE3-6ED2-4543-810C-A42BC7ADD072}"
EndProject
Global
	GlobalSection(SolutionConfigurationPlatforms) = preSolution
		Debug|Any CPU = Debug|Any CPU
		Release|Any CPU = Release|Any CPU
	EndGlobalSection
	GlobalSection(ProjectConfigurationPlatforms) = postSolution
		{CD219CE3-6ED2-4543-810C-A42BC7ADD072}.Debug|Any CPU.ActiveCfg = Debug|Any CPU
		{CD219CE3-6ED2-4543-810C-A42BC7ADD072}.Debug|Any CPU.Build.0 = Debug|Any CPU
		{CD219CE3-6ED2-4543-810C-A42BC7ADD072}.Release|Any CPU.ActiveCfg = Release|Any CPU
		{CD219CE3-6ED2-4543-810C-A42BC7ADD072}.Release|Any CPU.Build.0 = Release|Any CPU
	EndGlobalSection
EndGlobal
